
Microsoft Visual Studio Solution File, Format Version 12.00
# Visual Studio Version 16
VisualStudioVersion = 16.0.30717.126
MinimumVisualStudioVersion = 10.0.40219.1
Project("{9A19103F-16F7-4668-BE54-9A1E7A4F7556}") = "ASPNETCore5Demo", "ASPNETCore5Demo.csproj", "{382D5AFD-8A8B-4EB4-9F1E-EDE30D397B48}"
EndProject
Project("{00D1A9C2-B5F0-4AF3-8072-F6C62B433612}") = "ASPNETCore.DB", "..\ASPNETCore.DB\ASPNETCore.DB.sqlproj", "{03936C3A-9215-479C-8F1C-50FDF95003DA}"
EndProject
Project("{FAE04EC0-301F-11D3-BF4B-00C04F79EFBC}") = "ASPNETCore.CNS", "..\ASPNETCore.CNS\ASPNETCore.CNS.csproj", "{AD08FB8C-0904-43E4-984A-0AFFE4375CD4}"
EndProject
Global
	GlobalSection(SolutionConfigurationPlatforms) = preSolution
		Debug|Any CPU = Debug|Any CPU
		Release|Any CPU = Release|Any CPU
	EndGlobalSection
	GlobalSection(ProjectConfigurationPlatforms) = postSolution
		{382D5AFD-8A8B-4EB4-9F1E-EDE30D397B48}.Debug|Any CPU.ActiveCfg = Debug|Any CPU
		{382D5AFD-8A8B-4EB4-9F1E-EDE30D397B48}.Debug|Any CPU.Build.0 = Debug|Any CPU
		{382D5AFD-8A8B-4EB4-9F1E-EDE30D397B48}.Release|Any CPU.ActiveCfg = Release|Any CPU
		{382D5AFD-8A8B-4EB4-9F1E-EDE30D397B48}.Release|Any CPU.Build.0 = Release|Any CPU
		{03936C3A-9215-479C-8F1C-50FDF95003DA}.Debug|Any CPU.ActiveCfg = Debug|Any CPU
		{03936C3A-9215-479C-8F1C-50FDF95003DA}.Debug|Any CPU.Build.0 = Debug|Any CPU
		{03936C3A-9215-479C-8F1C-50FDF95003DA}.Debug|Any CPU.Deploy.0 = Debug|Any CPU
		{03936C3A-9215-479C-8F1C-50FDF95003DA}.Release|Any CPU.ActiveCfg = Release|Any CPU
		{03936C3A-9215-479C-8F1C-50FDF95003DA}.Release|Any CPU.Build.0 = Release|Any CPU
		{03936C3A-9215-479C-8F1C-50FDF95003DA}.Release|Any CPU.Deploy.0 = Release|Any CPU
		{AD08FB8C-0904-43E4-984A-0AFFE4375CD4}.Debug|Any CPU.ActiveCfg = Debug|Any CPU
		{AD08FB8C-0904-43E4-984A-0AFFE4375CD4}.Debug|Any CPU.Build.0 = Debug|Any CPU
		{AD08FB8C-0904-43E4-984A-0AFFE4375CD4}.Release|Any CPU.ActiveCfg = Release|Any CPU
		{AD08FB8C-0904-43E4-984A-0AFFE4375CD4}.Release|Any CPU.Build.0 = Release|Any CPU
	EndGlobalSection
	GlobalSection(SolutionProperties) = preSolution
		HideSolutionNode = FALSE
	EndGlobalSection
	GlobalSection(ExtensibilityGlobals) = postSolution
		SolutionGuid = {23E1968E-F91D-47D0-A9D0-04AE68DEA6AD}
	EndGlobalSection
EndGlobal
